
Microsoft Visual Studio Solution File, Format Version 12.00
# Visual Studio 15
VisualStudioVersion = 15.0.26711.1
MinimumVisualStudioVersion = 10.0.40219.1
Project("{9A19103F-16F7-4668-BE54-9A1E7A4F7556}") = "SimpleDemo.A", "SimpleDemo.A\SimpleDemo.A.csproj", "{DBDB24E5-17BA-4B93-B4E5-0D403CE3CA38}"
EndProject
Global
	GlobalSection(SolutionConfigurationPlatforms) = preSolution
		Debug|Any CPU = Debug|Any CPU
		Release|Any CPU = Release|Any CPU
	EndGlobalSection
	GlobalSection(ProjectConfigurationPlatforms) = postSolution
		{DBDB24E5-17BA-4B93-B4E5-0D403CE3CA38}.Debug|Any CPU.ActiveCfg = Debug|Any CPU
		{DBDB24E5-17BA-4B93-B4E5-0D403CE3CA38}.Debug|Any CPU.Build.0 = Debug|Any CPU
		{DBDB24E5-17BA-4B93-B4E5-0D403CE3CA38}.Release|Any CPU.ActiveCfg = Release|Any CPU
		{DBDB24E5-17BA-4B93-B4E5-0D403CE3CA38}.Release|Any CPU.Build.0 = Release|Any CPU
	EndGlobalSection
	GlobalSection(SolutionProperties) = preSolution
		HideSolutionNode = FALSE
	EndGlobalSection
	GlobalSection(ExtensibilityGlobals) = postSolution
		SolutionGuid = {A5555D1C-4C06-4194-833E-22BAA439D95E}
	EndGlobalSection
EndGlobal
